// !$*UTF8*$!
{
	archiveVersion = 1;
	classes = {
	};
	objectVersion = 77;
	objects = {

/* Begin PBXContainerItemProxy section */
		49B7F5D02D2E3A9A001C257C /* PBXContainerItemProxy */ = {
			isa = PBXContainerItemProxy;
			containerPortal = 49B7F5B72D2E3A99001C257C /* Project object */;
			proxyType = 1;
			remoteGlobalIDString = 49B7F5BE2D2E3A99001C257C;
			remoteInfo = Assignment1;
		};
		49B7F5DA2D2E3A9A001C257C /* PBXContainerItemProxy */ = {
			isa = PBXContainerItemProxy;
			containerPortal = 49B7F5B72D2E3A99001C257C /* Project object */;
			proxyType = 1;
			remoteGlobalIDString = 49B7F5BE2D2E3A99001C257C;
			remoteInfo = Assignment1;
		};
/* End PBXContainerItemProxy section */

/* Begin PBXFileReference section */
		49B7F5BF2D2E3A99001C257C /* Assignment1.app */ = {isa = PBXFileReference; explicitFileType = wrapper.application; includeInIndex = 0; path = Assignment1.app; sourceTree = BUILT_PRODUCTS_DIR; };
		49B7F5CF2D2E3A9A001C257C /* Assignment1Tests.xctest */ = {isa = PBXFileReference; explicitFileType = wrapper.cfbundle; includeInIndex = 0; path = Assignment1Tests.xctest; sourceTree = BUILT_PRODUCTS_DIR; };
		49B7F5D92D2E3A9A001C257C /* Assignment1UITests.xctest */ = {isa = PBXFileReference; explicitFileType = wrapper.cfbundle; includeInIndex = 0; path = Assignment1UITests.xctest; sourceTree = BUILT_PRODUCTS_DIR; };
/* End PBXFileReference section */

/* Begin PBXFileSystemSynchronizedRootGroup section */
		49B7F5C12D2E3A99001C257C /* Assignment1 */ = {
			isa = PBXFileSystemSynchronizedRootGroup;
			path = Assignment1;
			sourceTree = "<group>";
		};
		49B7F5D22D2E3A9A001C257C /* Assignment1Tests */ = {
			isa = PBXFileSystemSynchronizedRootGroup;
			path = Assignment1Tests;
			sourceTree = "<group>";
		};
		49B7F5DC2D2E3A9A001C257C /* Assignment1UITests */ = {
			isa = PBXFileSystemSynchronizedRootGroup;
			path = Assignment1UITests;
			sourceTree = "<group>";
		};
/* End PBXFileSystemSynchronizedRootGroup section */

/* Begin PBXFrameworksBuildPhase section */
		49B7F5BC2D2E3A99001C257C /* Frameworks */ = {
			isa = PBXFrameworksBuildPhase;
			buildActionMask = 2147483647;
			files = (
			);
			runOnlyForDeploymentPostprocessing = 0;
		};
		49B7F5CC2D2E3A9A001C257C /* Frameworks */ = {
			isa = PBXFrameworksBuildPhase;
			buildActionMask = 2147483647;
			files = (
			);
			runOnlyForDeploymentPostprocessing = 0;
		};
		49B7F5D62D2E3A9A001C257C /* Frameworks */ = {
			isa = PBXFrameworksBuildPhase;
			buildActionMask = 2147483647;
			files = (
			);
			runOnlyForDeploymentPostprocessing = 0;
		};
/* End PBXFrameworksBuildPhase section */

/* Begin PBXGroup section */
		49B7F5B62D2E3A99001C257C = {
			isa = PBXGroup;
			children = (
				49B7F5C12D2E3A99001C257C /* Assignment1 */,
				49B7F5D22D2E3A9A001C257C /* Assignment1Tests */,
				49B7F5DC2D2E3A9A001C257C /* Assignment1UITests */,
				49B7F5C02D2E3A99001C257C /* Products */,
			);
			sourceTree = "<group>";
		};
		49B7F5C02D2E3A99001C257C /* Products */ = {
			isa = PBXGroup;
			children = (
				49B7F5BF2D2E3A99001C257C /* Assignment1.app */,
				49B7F5CF2D2E3A9A001C257C /* Assignment1Tests.xctest */,
				49B7F5D92D2E3A9A001C257C /* Assignment1UITests.xctest */,
			);
			name = Products;
			sourceTree = "<group>";
		};
/* End PBXGroup section */

/* Begin PBXNativeTarget section */
		49B7F5BE2D2E3A99001C257C /* Assignment1 */ = {
			isa = PBXNativeTarget;
			buildConfigurationList = 49B7F5E32D2E3A9A001C257C /* Build configuration list for PBXNativeTarget "Assignment1" */;
			buildPhases = (
				49B7F5BB2D2E3A99001C257C /* Sources */,
				49B7F5BC2D2E3A99001C257C /* Frameworks */,
				49B7F5BD2D2E3A99001C257C /* Resources */,
			);
			buildRules = (
			);
			dependencies = (
			);
			fileSystemSynchronizedGroups = (
				49B7F5C12D2E3A99001C257C /* Assignment1 */,
			);
			name = Assignment1;
			packageProductDependencies = (
			);
			productName = Assignment1;
			productReference = 49B7F5BF2D2E3A99001C257C /* Assignment1.app */;
			productType = "com.apple.product-type.application";
		};
		49B7F5CE2D2E3A9A001C257C /* Assignment1Tests */ = {
			isa = PBXNativeTarget;
			buildConfigurationList = 49B7F5E62D2E3A9A001C257C /* Build configuration list for PBXNativeTarget "Assignment1Tests" */;
			buildPhases = (
				49B7F5CB2D2E3A9A001C257C /* Sources */,
				49B7F5CC2D2E3A9A001C257C /* Frameworks */,
				49B7F5CD2D2E3A9A001C257C /* Resources */,
			);
			buildRules = (
			);
			dependencies = (
				49B7F5D12D2E3A9A001C257C /* PBXTargetDependency */,
			);
			fileSystemSynchronizedGroups = (
				49B7F5D22D2E3A9A001C257C /* Assignment1Tests */,
			);
			name = Assignment1Tests;
			packageProductDependencies = (
			);
			productName = Assignment1Tests;
			productReference = 49B7F5CF2D2E3A9A001C257C /* Assignment1Tests.xctest */;
			productType = "com.apple.product-type.bundle.unit-test";
		};
		49B7F5D82D2E3A9A001C257C /* Assignment1UITests */ = {
			isa = PBXNativeTarget;
			buildConfigurationList = 49B7F5E92D2E3A9A001C257C /* Build configuration list for PBXNativeTarget "Assignment1UITests" */;
			buildPhases = (
				49B7F5D52D2E3A9A001C257C /* Sources */,
				49B7F5D62D2E3A9A001C257C /* Frameworks */,
				49B7F5D72D2E3A9A001C257C /* Resources */,
			);
			buildRules = (
			);
			dependencies = (
				49B7F5DB2D2E3A9A001C257C /* PBXTargetDependency */,
			);
			fileSystemSynchronizedGroups = (
				49B7F5DC2D2E3A9A001C257C /* Assignment1UITests */,
			);
			name = Assignment1UITests;
			packageProductDependencies = (
			);
			productName = Assignment1UITests;
			productReference = 49B7F5D92D2E3A9A001C257C /* Assignment1UITests.xctest */;
			productType = "com.apple.product-type.bundle.ui-testing";
		};
/* End PBXNativeTarget section */

/* Begin PBXProject section */
		49B7F5B72D2E3A99001C257C /* Project object */ = {
			isa = PBXProject;
			attributes = {
				BuildIndependentTargetsInParallel = 1;
				LastSwiftUpdateCheck = 1620;
				LastUpgradeCheck = 1620;
				TargetAttributes = {
					49B7F5BE2D2E3A99001C257C = {
						CreatedOnToolsVersion = 16.2;
					};
					49B7F5CE2D2E3A9A001C257C = {
						CreatedOnToolsVersion = 16.2;
						TestTargetID = 49B7F5BE2D2E3A99001C257C;
					};
					49B7F5D82D2E3A9A001C257C = {
						CreatedOnToolsVersion = 16.2;
						TestTargetID = 49B7F5BE2D2E3A99001C257C;
					};
				};
			};
			buildConfigurationList = 49B7F5BA2D2E3A99001C257C /* Build configuration list for PBXProject "Assignment1" */;
			developmentRegion = en;
			hasScannedForEncodings = 0;
			knownRegions = (
				en,
				Base,
			);
			mainGroup = 49B7F5B62D2E3A99001C257C;
			minimizedProjectReferenceProxies = 1;
			preferredProjectObjectVersion = 77;
			productRefGroup = 49B7F5C02D2E3A99001C257C /* Products */;
			projectDirPath = "";
			projectRoot = "";
			targets = (
				49B7F5BE2D2E3A99001C257C /* Assignment1 */,
				49B7F5CE2D2E3A9A001C257C /* Assignment1Tests */,
				49B7F5D82D2E3A9A001C257C /* Assignment1UITests */,
			);
		};
/* End PBXProject section */

/* Begin PBXResourcesBuildPhase section */
		49B7F5BD2D2E3A99001C257C /* Resources */ = {
			isa = PBXResourcesBuildPhase;
			buildActionMask = 2147483647;
			files = (
			);
			runOnlyForDeploymentPostprocessing = 0;
		};
		49B7F5CD2D2E3A9A001C257C /* Resources */ = {
			isa = PBXResourcesBuildPhase;
			buildActionMask = 2147483647;
			files = (
			);
			runOnlyForDeploymentPostprocessing = 0;
		};
		49B7F5D72D2E3A9A001C257C /* Resources */ = {
			isa = PBXResourcesBuildPhase;
			buildActionMask = 2147483647;
			files = (
			);
			runOnlyForDeploymentPostprocessing = 0;
		};
/* End PBXResourcesBuildPhase section */

/* Begin PBXSourcesBuildPhase section */
		49B7F5BB2D2E3A99001C257C /* Sources */ = {
			isa = PBXSourcesBuildPhase;
			buildActionMask = 2147483647;
			files = (
			);
			runOnlyForDeploymentPostprocessing = 0;
		};
		49B7F5CB2D2E3A9A001C257C /* Sources */ = {
			isa = PBXSourcesBuildPhase;
			buildActionMask = 2147483647;
			files = (
			);
			runOnlyForDeploymentPostprocessing = 0;
		};
		49B7F5D52D2E3A9A001C257C /* Sources */ = {
			isa = PBXSourcesBuildPhase;
			buildActionMask = 2147483647;
			files = (
			);
			runOnlyForDeploymentPostprocessing = 0;
		};
/* End PBXSourcesBuildPhase section */

/* Begin PBXTargetDependency section */
		49B7F5D12D2E3A9A001C257C /* PBXTargetDependency */ = {
			isa = PBXTargetDependency;
			target = 49B7F5BE2D2E3A99001C257C /* Assignment1 */;
			targetProxy = 49B7F5D02D2E3A9A001C257C /* PBXContainerItemProxy */;
		};
		49B7F5DB2D2E3A9A001C257C /* PBXTargetDependency */ = {
			isa = PBXTargetDependency;
			target = 49B7F5BE2D2E3A99001C257C /* Assignment1 */;
			targetProxy = 49B7F5DA2D2E3A9A001C257C /* PBXContainerItemProxy */;
		};
/* End PBXTargetDependency section */

/* Begin XCBuildConfiguration section */
		49B7F5E12D2E3A9A001C257C /* Debug */ = {
			isa = XCBuildConfiguration;
			buildSettings = {
				ALWAYS_SEARCH_USER_PATHS = NO;
				ASSETCATALOG_COMPILER_GENERATE_SWIFT_ASSET_SYMBOL_EXTENSIONS = YES;
				CLANG_ANALYZER_NONNULL = YES;
				CLANG_ANALYZER_NUMBER_OBJECT_CONVERSION = YES_AGGRESSIVE;
				CLANG_CXX_LANGUAGE_STANDARD = "gnu++20";
				CLANG_ENABLE_MODULES = YES;
				CLANG_ENABLE_OBJC_ARC = YES;
				CLANG_ENABLE_OBJC_WEAK = YES;
				CLANG_WARN_BLOCK_CAPTURE_AUTORELEASING = YES;
				CLANG_WARN_BOOL_CONVERSION = YES;
				CLANG_WARN_COMMA = YES;
				CLANG_WARN_CONSTANT_CONVERSION = YES;
				CLANG_WARN_DEPRECATED_OBJC_IMPLEMENTATIONS = YES;
				CLANG_WARN_DIRECT_OBJC_ISA_USAGE = YES_ERROR;
				CLANG_WARN_DOCUMENTATION_COMMENTS = YES;
				CLANG_WARN_EMPTY_BODY = YES;
				CLANG_WARN_ENUM_CONVERSION = YES;
				CLANG_WARN_INFINITE_RECURSION = YES;
				CLANG_WARN_INT_CONVERSION = YES;
				CLANG_WARN_NON_LITERAL_NULL_CONVERSION = YES;
				CLANG_WARN_OBJC_IMPLICIT_RETAIN_SELF = YES;
				CLANG_WARN_OBJC_LITERAL_CONVERSION = YES;
				CLANG_WARN_OBJC_ROOT_CLASS = YES_ERROR;
				CLANG_WARN_QUOTED_INCLUDE_IN_FRAMEWORK_HEADER = YES;
				CLANG_WARN_RANGE_LOOP_ANALYSIS = YES;
				CLANG_WARN_STRICT_PROTOTYPES = YES;
				CLANG_WARN_SUSPICIOUS_MOVE = YES;
				CLANG_WARN_UNGUARDED_AVAILABILITY = YES_AGGRESSIVE;
				CLANG_WARN_UNREACHABLE_CODE = YES;
				CLANG_WARN__DUPLICATE_METHOD_MATCH = YES;
				COPY_PHASE_STRIP = NO;
				DEBUG_INFORMATION_FORMAT = dwarf;
				ENABLE_STRICT_OBJC_MSGSEND = YES;
				ENABLE_TESTABILITY = YES;
				ENABLE_USER_SCRIPT_SANDBOXING = YES;
				GCC_C_LANGUAGE_STANDARD = gnu17;
				GCC_DYNAMIC_NO_PIC = NO;
				GCC_NO_COMMON_BLOCKS = YES;
				GCC_OPTIMIZATION_LEVEL = 0;
				GCC_PREPROCESSOR_DEFINITIONS = (
					"DEBUG=1",
					"$(inherited)",
				);
				GCC_WARN_64_TO_32_BIT_CONVERSION = YES;
				GCC_WARN_ABOUT_RETURN_TYPE = YES_ERROR;
				GCC_WARN_UNDECLARED_SELECTOR = YES;
				GCC_WARN_UNINITIALIZED_AUTOS = YES_AGGRESSIVE;
				GCC_WARN_UNUSED_FUNCTION = YES;
				GCC_WARN_UNUSED_VARIABLE = YES;
				IPHONEOS_DEPLOYMENT_TARGET = 18.2;
				LOCALIZATION_PREFERS_STRING_CATALOGS = YES;
				MTL_ENABLE_DEBUG_INFO = INCLUDE_SOURCE;
				MTL_FAST_MATH = YES;
				ONLY_ACTIVE_ARCH = YES;
				SDKROOT = iphoneos;
				SWIFT_ACTIVE_COMPILATION_CONDITIONS = "DEBUG $(inherited)";
				SWIFT_OPTIMIZATION_LEVEL = "-Onone";
			};
			name = Debug;
		};
		49B7F5E22D2E3A9A001C257C /* Release */ = {
			isa = XCBuildConfiguration;
			buildSettings = {
				ALWAYS_SEARCH_USER_PATHS = NO;
				ASSETCATALOG_COMPILER_GENERATE_SWIFT_ASSET_SYMBOL_EXTENSIONS = YES;
				CLANG_ANALYZER_NONNULL = YES;
				CLANG_ANALYZER_NUMBER_OBJECT_CONVERSION = YES_AGGRESSIVE;
				CLANG_CXX_LANGUAGE_STANDARD = "gnu++20";
				CLANG_ENABLE_MODULES = YES;
				CLANG_ENABLE_OBJC_ARC = YES;
				CLANG_ENABLE_OBJC_WEAK = YES;
				CLANG_WARN_BLOCK_CAPTURE_AUTORELEASING = YES;
				CLANG_WARN_BOOL_CONVERSION = YES;
				CLANG_WARN_COMMA = YES;
				CLANG_WARN_CONSTANT_CONVERSION = YES;
				CLANG_WARN_DEPRECATED_OBJC_IMPLEMENTATIONS = YES;
				CLANG_WARN_DIRECT_OBJC_ISA_USAGE = YES_ERROR;
				CLANG_WARN_DOCUMENTATION_COMMENTS = YES;
				CLANG_WARN_EMPTY_BODY = YES;
				CLANG_WARN_ENUM_CONVERSION = YES;
				CLANG_WARN_INFINITE_RECURSION = YES;
				CLANG_WARN_INT_CONVERSION = YES;
				CLANG_WARN_NON_LITERAL_NULL_CONVERSION = YES;
				CLANG_WARN_OBJC_IMPLICIT_RETAIN_SELF = YES;
				CLANG_WARN_OBJC_LITERAL_CONVERSION = YES;
				CLANG_WARN_OBJC_ROOT_CLASS = YES_ERROR;
				CLANG_WARN_QUOTED_INCLUDE_IN_FRAMEWORK_HEADER = YES;
				CLANG_WARN_RANGE_LOOP_ANALYSIS = YES;
				CLANG_WARN_STRICT_PROTOTYPES = YES;
				CLANG_WARN_SUSPICIOUS_MOVE = YES;
				CLANG_WARN_UNGUARDED_AVAILABILITY = YES_AGGRESSIVE;
				CLANG_WARN_UNREACHABLE_CODE = YES;
				CLANG_WARN__DUPLICATE_METHOD_MATCH = YES;
				COPY_PHASE_STRIP = NO;
				DEBUG_INFORMATION_FORMAT = "dwarf-with-dsym";
				ENABLE_NS_ASSERTIONS = NO;
				ENABLE_STRICT_OBJC_MSGSEND = YES;
				ENABLE_USER_SCRIPT_SANDBOXING = YES;
				GCC_C_LANGUAGE_STANDARD = gnu17;
				GCC_NO_COMMON_BLOCKS = YES;
				GCC_WARN_64_TO_32_BIT_CONVERSION = YES;
				GCC_WARN_ABOUT_RETURN_TYPE = YES_ERROR;
				GCC_WARN_UNDECLARED_SELECTOR = YES;
				GCC_WARN_UNINITIALIZED_AUTOS = YES_AGGRESSIVE;
				GCC_WARN_UNUSED_FUNCTION = YES;
				GCC_WARN_UNUSED_VARIABLE = YES;
				IPHONEOS_DEPLOYMENT_TARGET = 18.2;
				LOCALIZATION_PREFERS_STRING_CATALOGS = YES;
				MTL_ENABLE_DEBUG_INFO = NO;
				MTL_FAST_MATH = YES;
				SDKROOT = iphoneos;
				SWIFT_COMPILATION_MODE = wholemodule;
				VALIDATE_PRODUCT = YES;
			};
			name = Release;
		};
		49B7F5E42D2E3A9A001C257C /* Debug */ = {
			isa = XCBuildConfiguration;
			buildSettings = {
				ASSETCATALOG_COMPILER_APPICON_NAME = AppIcon;
				ASSETCATALOG_COMPILER_GLOBAL_ACCENT_COLOR_NAME = AccentColor;
				CODE_SIGN_STYLE = Automatic;
				CURRENT_PROJECT_VERSION = 1;
				DEVELOPMENT_ASSET_PATHS = "\"Assignment1/Preview Content\"";
				ENABLE_PREVIEWS = YES;
				GENERATE_INFOPLIST_FILE = YES;
				INFOPLIST_KEY_UIApplicationSceneManifest_Generation = YES;
				INFOPLIST_KEY_UIApplicationSupportsIndirectInputEvents = YES;
				INFOPLIST_KEY_UILaunchScreen_Generation = YES;
				INFOPLIST_KEY_UISupportedInterfaceOrientations_iPad = "UIInterfaceOrientationPortrait UIInterfaceOrientationPortraitUpsideDown UIInterfaceOrientationLandscapeLeft UIInterfaceOrientationLandscapeRight";
				INFOPLIST_KEY_UISupportedInterfaceOrientations_iPhone = "UIInterfaceOrientationPortrait UIInterfaceOrientationLandscapeLeft UIInterfaceOrientationLandscapeRight";
				LD_RUNPATH_SEARCH_PATHS = (
					"$(inherited)",
					"@executable_path/Frameworks",
				);
				MARKETING_VERSION = 1.0;
				PRODUCT_BUNDLE_IDENTIFIER = "CS-342.Assignment1";
				PRODUCT_NAME = "$(TARGET_NAME)";
				SWIFT_EMIT_LOC_STRINGS = YES;
				SWIFT_VERSION = 5.0;
				TARGETED_DEVICE_FAMILY = "1,2";
			};
			name = Debug;
		};
		49B7F5E52D2E3A9A001C257C /* Release */ = {
			isa = XCBuildConfiguration;
			buildSettings = {
				ASSETCATALOG_COMPILER_APPICON_NAME = AppIcon;
				ASSETCATALOG_COMPILER_GLOBAL_ACCENT_COLOR_NAME = AccentColor;
				CODE_SIGN_STYLE = Automatic;
				CURRENT_PROJECT_VERSION = 1;
				DEVELOPMENT_ASSET_PATHS = "\"Assignment1/Preview Content\"";
				ENABLE_PREVIEWS = YES;
				GENERATE_INFOPLIST_FILE = YES;
				INFOPLIST_KEY_UIApplicationSceneManifest_Generation = YES;
				INFOPLIST_KEY_UIApplicationSupportsIndirectInputEvents = YES;
				INFOPLIST_KEY_UILaunchScreen_Generation = YES;
				INFOPLIST_KEY_UISupportedInterfaceOrientations_iPad = "UIInterfaceOrientationPortrait UIInterfaceOrientationPortraitUpsideDown UIInterfaceOrientationLandscapeLeft UIInterfaceOrientationLandscapeRight";
				INFOPLIST_KEY_UISupportedInterfaceOrientations_iPhone = "UIInterfaceOrientationPortrait UIInterfaceOrientationLandscapeLeft UIInterfaceOrientationLandscapeRight";
				LD_RUNPATH_SEARCH_PATHS = (
					"$(inherited)",
					"@executable_path/Frameworks",
				);
				MARKETING_VERSION = 1.0;
				PRODUCT_BUNDLE_IDENTIFIER = "CS-342.Assignment1";
				PRODUCT_NAME = "$(TARGET_NAME)";
				SWIFT_EMIT_LOC_STRINGS = YES;
				SWIFT_VERSION = 5.0;
				TARGETED_DEVICE_FAMILY = "1,2";
			};
			name = Release;
		};
		49B7F5E72D2E3A9A001C257C /* Debug */ = {
			isa = XCBuildConfiguration;
			buildSettings = {
				BUNDLE_LOADER = "$(TEST_HOST)";
				CODE_SIGN_STYLE = Automatic;
				CURRENT_PROJECT_VERSION = 1;
				GENERATE_INFOPLIST_FILE = YES;
				IPHONEOS_DEPLOYMENT_TARGET = 18.2;
				MARKETING_VERSION = 1.0;
				PRODUCT_BUNDLE_IDENTIFIER = "CS-342.Assignment1Tests";
				PRODUCT_NAME = "$(TARGET_NAME)";
				SWIFT_EMIT_LOC_STRINGS = NO;
				SWIFT_VERSION = 5.0;
				TARGETED_DEVICE_FAMILY = "1,2";
				TEST_HOST = "$(BUILT_PRODUCTS_DIR)/Assignment1.app/$(BUNDLE_EXECUTABLE_FOLDER_PATH)/Assignment1";
			};
			name = Debug;
		};
		49B7F5E82D2E3A9A001C257C /* Release */ = {
			isa = XCBuildConfiguration;
			buildSettings = {
				BUNDLE_LOADER = "$(TEST_HOST)";
				CODE_SIGN_STYLE = Automatic;
				CURRENT_PROJECT_VERSION = 1;
				GENERATE_INFOPLIST_FILE = YES;
				IPHONEOS_DEPLOYMENT_TARGET = 18.2;
				MARKETING_VERSION = 1.0;
				PRODUCT_BUNDLE_IDENTIFIER = "CS-342.Assignment1Tests";
				PRODUCT_NAME = "$(TARGET_NAME)";
				SWIFT_EMIT_LOC_STRINGS = NO;
				SWIFT_VERSION = 5.0;
				TARGETED_DEVICE_FAMILY = "1,2";
				TEST_HOST = "$(BUILT_PRODUCTS_DIR)/Assignment1.app/$(BUNDLE_EXECUTABLE_FOLDER_PATH)/Assignment1";
			};
			name = Release;
		};
		49B7F5EA2D2E3A9A001C257C /* Debug */ = {
			isa = XCBuildConfiguration;
			buildSettings = {
				CODE_SIGN_STYLE = Automatic;
				CURRENT_PROJECT_VERSION = 1;
				GENERATE_INFOPLIST_FILE = YES;
				MARKETING_VERSION = 1.0;
				PRODUCT_BUNDLE_IDENTIFIER = "CS-342.Assignment1UITests";
				PRODUCT_NAME = "$(TARGET_NAME)";
				SWIFT_EMIT_LOC_STRINGS = NO;
				SWIFT_VERSION = 5.0;
				TARGETED_DEVICE_FAMILY = "1,2";
				TEST_TARGET_NAME = Assignment1;
			};
			name = Debug;
		};
		49B7F5EB2D2E3A9A001C257C /* Release */ = {
			isa = XCBuildConfiguration;
			buildSettings = {
				CODE_SIGN_STYLE = Automatic;
				CURRENT_PROJECT_VERSION = 1;
				GENERATE_INFOPLIST_FILE = YES;
				MARKETING_VERSION = 1.0;
				PRODUCT_BUNDLE_IDENTIFIER = "CS-342.Assignment1UITests";
				PRODUCT_NAME = "$(TARGET_NAME)";
				SWIFT_EMIT_LOC_STRINGS = NO;
				SWIFT_VERSION = 5.0;
				TARGETED_DEVICE_FAMILY = "1,2";
				TEST_TARGET_NAME = Assignment1;
			};
			name = Release;
		};
/* End XCBuildConfiguration section */

/* Begin XCConfigurationList section */
		49B7F5BA2D2E3A99001C257C /* Build configuration list for PBXProject "Assignment1" */ = {
			isa = XCConfigurationList;
			buildConfigurations = (
				49B7F5E12D2E3A9A001C257C /* Debug */,
				49B7F5E22D2E3A9A001C257C /* Release */,
			);
			defaultConfigurationIsVisible = 0;
			defaultConfigurationName = Release;
		};
		49B7F5E32D2E3A9A001C257C /* Build configuration list for PBXNativeTarget "Assignment1" */ = {
			isa = XCConfigurationList;
			buildConfigurations = (
				49B7F5E42D2E3A9A001C257C /* Debug */,
				49B7F5E52D2E3A9A001C257C /* Release */,
			);
			defaultConfigurationIsVisible = 0;
			defaultConfigurationName = Release;
		};
		49B7F5E62D2E3A9A001C257C /* Build configuration list for PBXNativeTarget "Assignment1Tests" */ = {
			isa = XCConfigurationList;
			buildConfigurations = (
				49B7F5E72D2E3A9A001C257C /* Debug */,
				49B7F5E82D2E3A9A001C257C /* Release */,
			);
			defaultConfigurationIsVisible = 0;
			defaultConfigurationName = Release;
		};
		49B7F5E92D2E3A9A001C257C /* Build configuration list for PBXNativeTarget "Assignment1UITests" */ = {
			isa = XCConfigurationList;
			buildConfigurations = (
				49B7F5EA2D2E3A9A001C257C /* Debug */,
				49B7F5EB2D2E3A9A001C257C /* Release */,
			);
			defaultConfigurationIsVisible = 0;
			defaultConfigurationName = Release;
		};
/* End XCConfigurationList section */
	};
	rootObject = 49B7F5B72D2E3A99001C257C /* Project object */;
}
